
Microsoft Visual Studio Solution File, Format Version 12.00
# Visual Studio Version 17
VisualStudioVersion = 17.6.33829.357
MinimumVisualStudioVersion = 10.0.40219.1
Project("{FAE04EC0-301F-11D3-BF4B-00C04F79EFBC}") = "String classwork", "String classwork\String classwork.csproj", "{317C4224-15DE-4F0A-8F4E-620B322778C8}"
EndProject
Global
	GlobalSection(SolutionConfigurationPlatforms) = preSolution
		Debug|Any CPU = Debug|Any CPU
		Release|Any CPU = Release|Any CPU
	EndGlobalSection
	GlobalSection(ProjectConfigurationPlatforms) = postSolution
		{317C4224-15DE-4F0A-8F4E-620B322778C8}.Debug|Any CPU.ActiveCfg = Debug|Any CPU
		{317C4224-15DE-4F0A-8F4E-620B322778C8}.Debug|Any CPU.Build.0 = Debug|Any CPU
		{317C4224-15DE-4F0A-8F4E-620B322778C8}.Release|Any CPU.ActiveCfg = Release|Any CPU
		{317C4224-15DE-4F0A-8F4E-620B322778C8}.Release|Any CPU.Build.0 = Release|Any CPU
	EndGlobalSection
	GlobalSection(SolutionProperties) = preSolution
		HideSolutionNode = FALSE
	EndGlobalSection
	GlobalSection(ExtensibilityGlobals) = postSolution
		SolutionGuid = {7CEC66A1-9BD9-4D32-B405-A2962D66C8B8}
	EndGlobalSection
EndGlobal
